Microsoft Visual Studio Solution File, Format Version 12.00
# Visual Studio Version 17
VisualStudioVersion = 17.5.2.0
MinimumVisualStudioVersion = 10.0.40219.1
Project("{FAE04EC0-301F-11D3-BF4B-00C04F79EFBC}") = "Collage-Backend-Induction-Starter", "Collage-Backend-Induction-Starter.csproj", "{C69358C4-7D99-CA3D-E8A5-CFFB1A66080A}"
EndProject
Global
	GlobalSection(SolutionConfigurationPlatforms) = preSolution
		Debug|Any CPU = Debug|Any CPU
		Release|Any CPU = Release|Any CPU
	EndGlobalSection
	GlobalSection(ProjectConfigurationPlatforms) = postSolution
		{C69358C4-7D99-CA3D-E8A5-CFFB1A66080A}.Debug|Any CPU.ActiveCfg = Debug|Any CPU
		{C69358C4-7D99-CA3D-E8A5-CFFB1A66080A}.Debug|Any CPU.Build.0 = Debug|Any CPU
		{C69358C4-7D99-CA3D-E8A5-CFFB1A66080A}.Release|Any CPU.ActiveCfg = Release|Any CPU
		{C69358C4-7D99-CA3D-E8A5-CFFB1A66080A}.Release|Any CPU.Build.0 = Release|Any CPU
	EndGlobalSection
	GlobalSection(SolutionProperties) = preSolution
		HideSolutionNode = FALSE
	EndGlobalSection
	GlobalSection(ExtensibilityGlobals) = postSolution
		SolutionGuid = {B45C9546-611C-4B7D-9F8D-D9A83C386689}
	EndGlobalSection
EndGlobal
